
Microsoft Visual Studio Solution File, Format Version 12.00
# Visual Studio Version 17
VisualStudioVersion = 17.13.35919.96 d17.13
MinimumVisualStudioVersion = 10.0.40219.1
Project("{FAE04EC0-301F-11D3-BF4B-00C04F79EFBC}") = "DiaDaSemana", "DiaDaSemana\DiaDaSemana.csproj", "{02B00186-AB80-4590-B682-C88564C82A2C}"
EndProject
Global
	GlobalSection(SolutionConfigurationPlatforms) = preSolution
		Debug|Any CPU = Debug|Any CPU
		Release|Any CPU = Release|Any CPU
	EndGlobalSection
	GlobalSection(ProjectConfigurationPlatforms) = postSolution
		{02B00186-AB80-4590-B682-C88564C82A2C}.Debug|Any CPU.ActiveCfg = Debug|Any CPU
		{02B00186-AB80-4590-B682-C88564C82A2C}.Debug|Any CPU.Build.0 = Debug|Any CPU
		{02B00186-AB80-4590-B682-C88564C82A2C}.Release|Any CPU.ActiveCfg = Release|Any CPU
		{02B00186-AB80-4590-B682-C88564C82A2C}.Release|Any CPU.Build.0 = Release|Any CPU
	EndGlobalSection
	GlobalSection(SolutionProperties) = preSolution
		HideSolutionNode = FALSE
	EndGlobalSection
	GlobalSection(ExtensibilityGlobals) = postSolution
		SolutionGuid = {E1389810-1548-4A95-B637-0F28E45B9B12}
	EndGlobalSection
EndGlobal
